
Microsoft Visual Studio Solution File, Format Version 12.00
# Visual Studio Version 16
VisualStudioVersion = 16.0.31321.278
MinimumVisualStudioVersion = 10.0.40219.1
Project("{8BC9CEB8-8B4A-11D0-8D11-00A0C91BC942}") = "01_Factorial", "01_Factorial\01_Factorial.vcxproj", "{B04C0B41-DDA6-40D0-85E9-479516A777B1}"
EndProject
Project("{8BC9CEB8-8B4A-11D0-8D11-00A0C91BC942}") = "01_RandomName", "01_RandomName\01_RandomName.vcxproj", "{32C68E82-85E6-43D0-A1F0-E9B480B5D708}"
EndProject
Project("{8BC9CEB8-8B4A-11D0-8D11-00A0C91BC942}") = "02_PrintGaphic", "02_PrintGaphic\02_PrintGaphic.vcxproj", "{DF977FE4-8085-46AD-82FC-561F6BC92186}"
EndProject
Project("{8BC9CEB8-8B4A-11D0-8D11-00A0C91BC942}") = "03_Test", "03_Test\03_Test.vcxproj", "{54D109A2-A063-4395-AADD-F5D82D887E76}"
EndProject
Project("{8BC9CEB8-8B4A-11D0-8D11-00A0C91BC942}") = "04_Goto", "04_Goto\04_Goto.vcxproj", "{3028A0B0-8945-484A-9A99-437970E09F59}"
EndProject
Project("{8BC9CEB8-8B4A-11D0-8D11-00A0C91BC942}") = "05_Search", "05_Search\05_Search.vcxproj", "{BB363AA7-AD2C-48C2-B00C-22838269C478}"
EndProject
Project("{8BC9CEB8-8B4A-11D0-8D11-00A0C91BC942}") = "06_PrimeNum", "06_PrimeNum\06_PrimeNum.vcxproj", "{2BCBC45D-F7E7-4AF9-8A6D-6F1DAF0F34DE}"
EndProject
Project("{8BC9CEB8-8B4A-11D0-8D11-00A0C91BC942}") = "07_Maze", "07_Maze\07_Maze.vcxproj", "{C4E22D9A-13FA-43F9-930A-6B76BF0DA46D}"
EndProject
Project("{8BC9CEB8-8B4A-11D0-8D11-00A0C91BC942}") = "08_Palindrome", "08_Palindrome\08_Palindrome.vcxproj", "{FD87341E-0ADD-4002-B8F5-8FB866F243E4}"
EndProject
Project("{8BC9CEB8-8B4A-11D0-8D11-00A0C91BC942}") = "09_Sort", "09_Sort\09_Sort.vcxproj", "{29F4C2A3-D97A-4892-A65F-66AB7F9DD8EB}"
EndProject
Project("{8BC9CEB8-8B4A-11D0-8D11-00A0C91BC942}") = "10_MagicSquare", "10_MagicSquare\10_MagicSquare.vcxproj", "{B0C89A8D-CDFE-43DD-9829-B3F089E25F8A}"
EndProject
Project("{8BC9CEB8-8B4A-11D0-8D11-00A0C91BC942}") = "11_TestDefine", "11_TestDefine\11_TestDefine.vcxproj", "{7C0715B9-6390-4A3B-B35E-F7F38B7C6E30}"
EndProject
Project("{8BC9CEB8-8B4A-11D0-8D11-00A0C91BC942}") = "12_Test", "12_Test\12_Test.vcxproj", "{61D6E8A9-E55A-47CC-82B4-E402632BBD59}"
EndProject
Project("{8BC9CEB8-8B4A-11D0-8D11-00A0C91BC942}") = "13_Pointer", "13_Pointer\13_Pointer.vcxproj", "{23BC8A3C-B1C3-469D-BCF3-FAC7A8F6EDCC}"
EndProject
Project("{8BC9CEB8-8B4A-11D0-8D11-00A0C91BC942}") = "14_Memcpy", "14_Memcpy\14_Memcpy.vcxproj", "{260EB4F9-ACB4-40B4-8262-E66FD6065B9F}"
EndProject
Project("{8BC9CEB8-8B4A-11D0-8D11-00A0C91BC942}") = "15_String", "15_String\15_String.vcxproj", "{9C296000-E31E-4F51-9EE6-A32F690254F0}"
EndProject
Project("{8BC9CEB8-8B4A-11D0-8D11-00A0C91BC942}") = "14_CalledProgram", "14_CalledProgram\14_CalledProgram.vcxproj", "{4FAADDCB-09FC-43B6-B73E-8A24BCCCB4C3}"
EndProject
Project("{8BC9CEB8-8B4A-11D0-8D11-00A0C91BC942}") = "16_Struct", "16_Struct\16_Struct.vcxproj", "{699CADD2-CBE7-4900-ABA0-5C406C863AE6}"
EndProject
Project("{8BC9CEB8-8B4A-11D0-8D11-00A0C91BC942}") = "17_Enum_Union", "17_Enum_Union\17_Enum_Union.vcxproj", "{C83C0C3A-7106-42B0-9937-FA5188135290}"
EndProject
Project("{8BC9CEB8-8B4A-11D0-8D11-00A0C91BC942}") = "18_Malloc", "18_Malloc\18_Malloc.vcxproj", "{73C50435-C895-4325-B3BD-89A4AAE175A2}"
EndProject
Project("{8BC9CEB8-8B4A-11D0-8D11-00A0C91BC942}") = "19_Binary", "19_Binary\19_Binary.vcxproj", "{6B3D4200-367D-4F8E-84F6-BFC81FA7758A}"
EndProject
Global
	GlobalSection(SolutionConfigurationPlatforms) = preSolution
		Debug|x64 = Debug|x64
		Debug|x86 = Debug|x86
		Release|x64 = Release|x64
		Release|x86 = Release|x86
	EndGlobalSection
	GlobalSection(ProjectConfigurationPlatforms) = postSolution
		{B04C0B41-DDA6-40D0-85E9-479516A777B1}.Debug|x64.ActiveCfg = Debug|x64
		{B04C0B41-DDA6-40D0-85E9-479516A777B1}.Debug|x64.Build.0 = Debug|x64
		{B04C0B41-DDA6-40D0-85E9-479516A777B1}.Debug|x86.ActiveCfg = Debug|Win32
		{B04C0B41-DDA6-40D0-85E9-479516A777B1}.Debug|x86.Build.0 = Debug|Win32
		{B04C0B41-DDA6-40D0-85E9-479516A777B1}.Release|x64.ActiveCfg = Release|x64
		{B04C0B41-DDA6-40D0-85E9-479516A777B1}.Release|x64.Build.0 = Release|x64
		{B04C0B41-DDA6-40D0-85E9-479516A777B1}.Release|x86.ActiveCfg = Release|Win32
		{B04C0B41-DDA6-40D0-85E9-479516A777B1}.Release|x86.Build.0 = Release|Win32
		{32C68E82-85E6-43D0-A1F0-E9B480B5D708}.Debug|x64.ActiveCfg = Debug|x64
		{32C68E82-85E6-43D0-A1F0-E9B480B5D708}.Debug|x64.Build.0 = Debug|x64
		{32C68E82-85E6-43D0-A1F0-E9B480B5D708}.Debug|x86.ActiveCfg = Debug|Win32
		{32C68E82-85E6-43D0-A1F0-E9B480B5D708}.Debug|x86.Build.0 = Debug|Win32
		{32C68E82-85E6-43D0-A1F0-E9B480B5D708}.Release|x64.ActiveCfg = Release|x64
		{32C68E82-85E6-43D0-A1F0-E9B480B5D708}.Release|x64.Build.0 = Release|x64
		{32C68E82-85E6-43D0-A1F0-E9B480B5D708}.Release|x86.ActiveCfg = Release|Win32
		{32C68E82-85E6-43D0-A1F0-E9B480B5D708}.Release|x86.Build.0 = Release|Win32
		{DF977FE4-8085-46AD-82FC-561F6BC92186}.Debug|x64.ActiveCfg = Debug|x64
		{DF977FE4-8085-46AD-82FC-561F6BC92186}.Debug|x64.Build.0 = Debug|x64
		{DF977FE4-8085-46AD-82FC-561F6BC92186}.Debug|x86.ActiveCfg = Debug|Win32
		{DF977FE4-8085-46AD-82FC-561F6BC92186}.Debug|x86.Build.0 = Debug|Win32
		{DF977FE4-8085-46AD-82FC-561F6BC92186}.Release|x64.ActiveCfg = Release|x64
		{DF977FE4-8085-46AD-82FC-561F6BC92186}.Release|x64.Build.0 = Release|x64
		{DF977FE4-8085-46AD-82FC-561F6BC92186}.Release|x86.ActiveCfg = Release|Win32
		{DF977FE4-8085-46AD-82FC-561F6BC92186}.Release|x86.Build.0 = Release|Win32
		{54D109A2-A063-4395-AADD-F5D82D887E76}.Debug|x64.ActiveCfg = Debug|x64
		{54D109A2-A063-4395-AADD-F5D82D887E76}.Debug|x64.Build.0 = Debug|x64
		{54D109A2-A063-4395-AADD-F5D82D887E76}.Debug|x86.ActiveCfg = Debug|Win32
		{54D109A2-A063-4395-AADD-F5D82D887E76}.Debug|x86.Build.0 = Debug|Win32
		{54D109A2-A063-4395-AADD-F5D82D887E76}.Release|x64.ActiveCfg = Release|x64
		{54D109A2-A063-4395-AADD-F5D82D887E76}.Release|x64.Build.0 = Release|x64
		{54D109A2-A063-4395-AADD-F5D82D887E76}.Release|x86.ActiveCfg = Release|Win32
		{54D109A2-A063-4395-AADD-F5D82D887E76}.Release|x86.Build.0 = Release|Win32
		{3028A0B0-8945-484A-9A99-437970E09F59}.Debug|x64.ActiveCfg = Debug|x64
		{3028A0B0-8945-484A-9A99-437970E09F59}.Debug|x64.Build.0 = Debug|x64
		{3028A0B0-8945-484A-9A99-437970E09F59}.Debug|x86.ActiveCfg = Debug|Win32
		{3028A0B0-8945-484A-9A99-437970E09F59}.Debug|x86.Build.0 = Debug|Win32
		{3028A0B0-8945-484A-9A99-437970E09F59}.Release|x64.ActiveCfg = Release|x64
		{3028A0B0-8945-484A-9A99-437970E09F59}.Release|x64.Build.0 = Release|x64
		{3028A0B0-8945-484A-9A99-437970E09F59}.Release|x86.ActiveCfg = Release|Win32
		{3028A0B0-8945-484A-9A99-437970E09F59}.Release|x86.Build.0 = Release|Win32
		{BB363AA7-AD2C-48C2-B00C-22838269C478}.Debug|x64.ActiveCfg = Debug|x64
		{BB363AA7-AD2C-48C2-B00C-22838269C478}.Debug|x64.Build.0 = Debug|x64
		{BB363AA7-AD2C-48C2-B00C-22838269C478}.Debug|x86.ActiveCfg = Debug|Win32
		{BB363AA7-AD2C-48C2-B00C-22838269C478}.Debug|x86.Build.0 = Debug|Win32
		{BB363AA7-AD2C-48C2-B00C-22838269C478}.Release|x64.ActiveCfg = Release|x64
		{BB363AA7-AD2C-48C2-B00C-22838269C478}.Release|x64.Build.0 = Release|x64
		{BB363AA7-AD2C-48C2-B00C-22838269C478}.Release|x86.ActiveCfg = Release|Win32
		{BB363AA7-AD2C-48C2-B00C-22838269C478}.Release|x86.Build.0 = Release|Win32
		{2BCBC45D-F7E7-4AF9-8A6D-6F1DAF0F34DE}.Debug|x64.ActiveCfg = Debug|x64
		{2BCBC45D-F7E7-4AF9-8A6D-6F1DAF0F34DE}.Debug|x64.Build.0 = Debug|x64
		{2BCBC45D-F7E7-4AF9-8A6D-6F1DAF0F34DE}.Debug|x86.ActiveCfg = Debug|Win32
		{2BCBC45D-F7E7-4AF9-8A6D-6F1DAF0F34DE}.Debug|x86.Build.0 = Debug|Win32
		{2BCBC45D-F7E7-4AF9-8A6D-6F1DAF0F34DE}.Release|x64.ActiveCfg = Release|x64
		{2BCBC45D-F7E7-4AF9-8A6D-6F1DAF0F34DE}.Release|x64.Build.0 = Release|x64
		{2BCBC45D-F7E7-4AF9-8A6D-6F1DAF0F34DE}.Release|x86.ActiveCfg = Release|Win32
		{2BCBC45D-F7E7-4AF9-8A6D-6F1DAF0F34DE}.Release|x86.Build.0 = Release|Win32
		{C4E22D9A-13FA-43F9-930A-6B76BF0DA46D}.Debug|x64.ActiveCfg = Debug|x64
		{C4E22D9A-13FA-43F9-930A-6B76BF0DA46D}.Debug|x64.Build.0 = Debug|x64
		{C4E22D9A-13FA-43F9-930A-6B76BF0DA46D}.Debug|x86.ActiveCfg = Debug|Win32
		{C4E22D9A-13FA-43F9-930A-6B76BF0DA46D}.Debug|x86.Build.0 = Debug|Win32
		{C4E22D9A-13FA-43F9-930A-6B76BF0DA46D}.Release|x64.ActiveCfg = Release|x64
		{C4E22D9A-13FA-43F9-930A-6B76BF0DA46D}.Release|x64.Build.0 = Release|x64
		{C4E22D9A-13FA-43F9-930A-6B76BF0DA46D}.Release|x86.ActiveCfg = Release|Win32
		{C4E22D9A-13FA-43F9-930A-6B76BF0DA46D}.Release|x86.Build.0 = Release|Win32
		{FD87341E-0ADD-4002-B8F5-8FB866F243E4}.Debug|x64.ActiveCfg = Debug|x64
		{FD87341E-0ADD-4002-B8F5-8FB866F243E4}.Debug|x64.Build.0 = Debug|x64
		{FD87341E-0ADD-4002-B8F5-8FB866F243E4}.Debug|x86.ActiveCfg = Debug|Win32
		{FD87341E-0ADD-4002-B8F5-8FB866F243E4}.Debug|x86.Build.0 = Debug|Win32
		{FD87341E-0ADD-4002-B8F5-8FB866F243E4}.Release|x64.ActiveCfg = Release|x64
		{FD87341E-0ADD-4002-B8F5-8FB866F243E4}.Release|x64.Build.0 = Release|x64
		{FD87341E-0ADD-4002-B8F5-8FB866F243E4}.Release|x86.ActiveCfg = Release|Win32
		{FD87341E-0ADD-4002-B8F5-8FB866F243E4}.Release|x86.Build.0 = Release|Win32
		{29F4C2A3-D97A-4892-A65F-66AB7F9DD8EB}.Debug|x64.ActiveCfg = Debug|x64
		{29F4C2A3-D97A-4892-A65F-66AB7F9DD8EB}.Debug|x64.Build.0 = Debug|x64
		{29F4C2A3-D97A-4892-A65F-66AB7F9DD8EB}.Debug|x86.ActiveCfg = Debug|Win32
		{29F4C2A3-D97A-4892-A65F-66AB7F9DD8EB}.Debug|x86.Build.0 = Debug|Win32
		{29F4C2A3-D97A-4892-A65F-66AB7F9DD8EB}.Release|x64.ActiveCfg = Release|x64
		{29F4C2A3-D97A-4892-A65F-66AB7F9DD8EB}.Release|x64.Build.0 = Release|x64
		{29F4C2A3-D97A-4892-A65F-66AB7F9DD8EB}.Release|x86.ActiveCfg = Release|Win32
		{29F4C2A3-D97A-4892-A65F-66AB7F9DD8EB}.Release|x86.Build.0 = Release|Win32
		{B0C89A8D-CDFE-43DD-9829-B3F089E25F8A}.Debug|x64.ActiveCfg = Debug|x64
		{B0C89A8D-CDFE-43DD-9829-B3F089E25F8A}.Debug|x64.Build.0 = Debug|x64
		{B0C89A8D-CDFE-43DD-9829-B3F089E25F8A}.Debug|x86.ActiveCfg = Debug|Win32
		{B0C89A8D-CDFE-43DD-9829-B3F089E25F8A}.Debug|x86.Build.0 = Debug|Win32
		{B0C89A8D-CDFE-43DD-9829-B3F089E25F8A}.Release|x64.ActiveCfg = Release|x64
		{B0C89A8D-CDFE-43DD-9829-B3F089E25F8A}.Release|x64.Build.0 = Release|x64
		{B0C89A8D-CDFE-43DD-9829-B3F089E25F8A}.Release|x86.ActiveCfg = Release|Win32
		{B0C89A8D-CDFE-43DD-9829-B3F089E25F8A}.Release|x86.Build.0 = Release|Win32
		{7C0715B9-6390-4A3B-B35E-F7F38B7C6E30}.Debug|x64.ActiveCfg = Debug|x64
		{7C0715B9-6390-4A3B-B35E-F7F38B7C6E30}.Debug|x64.Build.0 = Debug|x64
		{7C0715B9-6390-4A3B-B35E-F7F38B7C6E30}.Debug|x86.ActiveCfg = Debug|Win32
		{7C0715B9-6390-4A3B-B35E-F7F38B7C6E30}.Debug|x86.Build.0 = Debug|Win32
		{7C0715B9-6390-4A3B-B35E-F7F38B7C6E30}.Release|x64.ActiveCfg = Release|x64
		{7C0715B9-6390-4A3B-B35E-F7F38B7C6E30}.Release|x64.Build.0 = Release|x64
		{7C0715B9-6390-4A3B-B35E-F7F38B7C6E30}.Release|x86.ActiveCfg = Release|Win32
		{7C0715B9-6390-4A3B-B35E-F7F38B7C6E30}.Release|x86.Build.0 = Release|Win32
		{61D6E8A9-E55A-47CC-82B4-E402632BBD59}.Debug|x64.ActiveCfg = Debug|x64
		{61D6E8A9-E55A-47CC-82B4-E402632BBD59}.Debug|x64.Build.0 = Debug|x64
		{61D6E8A9-E55A-47CC-82B4-E402632BBD59}.Debug|x86.ActiveCfg = Debug|Win32
		{61D6E8A9-E55A-47CC-82B4-E402632BBD59}.Debug|x86.Build.0 = Debug|Win32
		{61D6E8A9-E55A-47CC-82B4-E402632BBD59}.Release|x64.ActiveCfg = Release|x64
		{61D6E8A9-E55A-47CC-82B4-E402632BBD59}.Release|x64.Build.0 = Release|x64
		{61D6E8A9-E55A-47CC-82B4-E402632BBD59}.Release|x86.ActiveCfg = Release|Win32
		{61D6E8A9-E55A-47CC-82B4-E402632BBD59}.Release|x86.Build.0 = Release|Win32
		{23BC8A3C-B1C3-469D-BCF3-FAC7A8F6EDCC}.Debug|x64.ActiveCfg = Debug|x64
		{23BC8A3C-B1C3-469D-BCF3-FAC7A8F6EDCC}.Debug|x64.Build.0 = Debug|x64
		{23BC8A3C-B1C3-469D-BCF3-FAC7A8F6EDCC}.Debug|x86.ActiveCfg = Debug|Win32
		{23BC8A3C-B1C3-469D-BCF3-FAC7A8F6EDCC}.Debug|x86.Build.0 = Debug|Win32
		{23BC8A3C-B1C3-469D-BCF3-FAC7A8F6EDCC}.Release|x64.ActiveCfg = Release|x64
		{23BC8A3C-B1C3-469D-BCF3-FAC7A8F6EDCC}.Release|x64.Build.0 = Release|x64
		{23BC8A3C-B1C3-469D-BCF3-FAC7A8F6EDCC}.Release|x86.ActiveCfg = Release|Win32
		{23BC8A3C-B1C3-469D-BCF3-FAC7A8F6EDCC}.Release|x86.Build.0 = Release|Win32
		{260EB4F9-ACB4-40B4-8262-E66FD6065B9F}.Debug|x64.ActiveCfg = Debug|x64
		{260EB4F9-ACB4-40B4-8262-E66FD6065B9F}.Debug|x64.Build.0 = Debug|x64
		{260EB4F9-ACB4-40B4-8262-E66FD6065B9F}.Debug|x86.ActiveCfg = Debug|Win32
		{260EB4F9-ACB4-40B4-8262-E66FD6065B9F}.Debug|x86.Build.0 = Debug|Win32
		{260EB4F9-ACB4-40B4-8262-E66FD6065B9F}.Release|x64.ActiveCfg = Release|x64
		{260EB4F9-ACB4-40B4-8262-E66FD6065B9F}.Release|x64.Build.0 = Release|x64
		{260EB4F9-ACB4-40B4-8262-E66FD6065B9F}.Release|x86.ActiveCfg = Release|Win32
		{260EB4F9-ACB4-40B4-8262-E66FD6065B9F}.Release|x86.Build.0 = Release|Win32
		{9C296000-E31E-4F51-9EE6-A32F690254F0}.Debug|x64.ActiveCfg = Debug|x64
		{9C296000-E31E-4F51-9EE6-A32F690254F0}.Debug|x64.Build.0 = Debug|x64
		{9C296000-E31E-4F51-9EE6-A32F690254F0}.Debug|x86.ActiveCfg = Debug|Win32
		{9C296000-E31E-4F51-9EE6-A32F690254F0}.Debug|x86.Build.0 = Debug|Win32
		{9C296000-E31E-4F51-9EE6-A32F690254F0}.Release|x64.ActiveCfg = Release|x64
		{9C296000-E31E-4F51-9EE6-A32F690254F0}.Release|x64.Build.0 = Release|x64
		{9C296000-E31E-4F51-9EE6-A32F690254F0}.Release|x86.ActiveCfg = Release|Win32
		{9C296000-E31E-4F51-9EE6-A32F690254F0}.Release|x86.Build.0 = Release|Win32
		{4FAADDCB-09FC-43B6-B73E-8A24BCCCB4C3}.Debug|x64.ActiveCfg = Debug|x64
		{4FAADDCB-09FC-43B6-B73E-8A24BCCCB4C3}.Debug|x64.Build.0 = Debug|x64
		{4FAADDCB-09FC-43B6-B73E-8A24BCCCB4C3}.Debug|x86.ActiveCfg = Debug|Win32
		{4FAADDCB-09FC-43B6-B73E-8A24BCCCB4C3}.Debug|x86.Build.0 = Debug|Win32
		{4FAADDCB-09FC-43B6-B73E-8A24BCCCB4C3}.Release|x64.ActiveCfg = Release|x64
		{4FAADDCB-09FC-43B6-B73E-8A24BCCCB4C3}.Release|x64.Build.0 = Release|x64
		{4FAADDCB-09FC-43B6-B73E-8A24BCCCB4C3}.Release|x86.ActiveCfg = Release|Win32
		{4FAADDCB-09FC-43B6-B73E-8A24BCCCB4C3}.Release|x86.Build.0 = Release|Win32
		{699CADD2-CBE7-4900-ABA0-5C406C863AE6}.Debug|x64.ActiveCfg = Debug|x64
		{699CADD2-CBE7-4900-ABA0-5C406C863AE6}.Debug|x64.Build.0 = Debug|x64
		{699CADD2-CBE7-4900-ABA0-5C406C863AE6}.Debug|x86.ActiveCfg = Debug|Win32
		{699CADD2-CBE7-4900-ABA0-5C406C863AE6}.Debug|x86.Build.0 = Debug|Win32
		{699CADD2-CBE7-4900-ABA0-5C406C863AE6}.Release|x64.ActiveCfg = Release|x64
		{699CADD2-CBE7-4900-ABA0-5C406C863AE6}.Release|x64.Build.0 = Release|x64
		{699CADD2-CBE7-4900-ABA0-5C406C863AE6}.Release|x86.ActiveCfg = Release|Win32
		{699CADD2-CBE7-4900-ABA0-5C406C863AE6}.Release|x86.Build.0 = Release|Win32
		{C83C0C3A-7106-42B0-9937-FA5188135290}.Debug|x64.ActiveCfg = Debug|x64
		{C83C0C3A-7106-42B0-9937-FA5188135290}.Debug|x64.Build.0 = Debug|x64
		{C83C0C3A-7106-42B0-9937-FA5188135290}.Debug|x86.ActiveCfg = Debug|Win32
		{C83C0C3A-7106-42B0-9937-FA5188135290}.Debug|x86.Build.0 = Debug|Win32
		{C83C0C3A-7106-42B0-9937-FA5188135290}.Release|x64.ActiveCfg = Release|x64
		{C83C0C3A-7106-42B0-9937-FA5188135290}.Release|x64.Build.0 = Release|x64
		{C83C0C3A-7106-42B0-9937-FA5188135290}.Release|x86.ActiveCfg = Release|Win32
		{C83C0C3A-7106-42B0-9937-FA5188135290}.Release|x86.Build.0 = Release|Win32
		{73C50435-C895-4325-B3BD-89A4AAE175A2}.Debug|x64.ActiveCfg = Debug|x64
		{73C50435-C895-4325-B3BD-89A4AAE175A2}.Debug|x64.Build.0 = Debug|x64
		{73C50435-C895-4325-B3BD-89A4AAE175A2}.Debug|x86.ActiveCfg = Debug|Win32
		{73C50435-C895-4325-B3BD-89A4AAE175A2}.Debug|x86.Build.0 = Debug|Win32
		{73C50435-C895-4325-B3BD-89A4AAE175A2}.Release|x64.ActiveCfg = Release|x64
		{73C50435-C895-4325-B3BD-89A4AAE175A2}.Release|x64.Build.0 = Release|x64
		{73C50435-C895-4325-B3BD-89A4AAE175A2}.Release|x86.ActiveCfg = Release|Win32
		{73C50435-C895-4325-B3BD-89A4AAE175A2}.Release|x86.Build.0 = Release|Win32
		{6B3D4200-367D-4F8E-84F6-BFC81FA7758A}.Debug|x64.ActiveCfg = Debug|x64
		{6B3D4200-367D-4F8E-84F6-BFC81FA7758A}.Debug|x64.Build.0 = Debug|x64
		{6B3D4200-367D-4F8E-84F6-BFC81FA7758A}.Debug|x86.ActiveCfg = Debug|Win32
		{6B3D4200-367D-4F8E-84F6-BFC81FA7758A}.Debug|x86.Build.0 = Debug|Win32
		{6B3D4200-367D-4F8E-84F6-BFC81FA7758A}.Release|x64.ActiveCfg = Release|x64
		{6B3D4200-367D-4F8E-84F6-BFC81FA7758A}.Release|x64.Build.0 = Release|x64
		{6B3D4200-367D-4F8E-84F6-BFC81FA7758A}.Release|x86.ActiveCfg = Release|Win32
		{6B3D4200-367D-4F8E-84F6-BFC81FA7758A}.Release|x86.Build.0 = Release|Win32
	EndGlobalSection
	GlobalSection(SolutionProperties) = preSolution
		HideSolutionNode = FALSE
	EndGlobalSection
	GlobalSection(ExtensibilityGlobals) = postSolution
		SolutionGuid = {4BC2D1F0-81DD-4E11-8E25-2CE75E0970EF}
	EndGlobalSection
EndGlobal
